
Microsoft Visual Studio Solution File, Format Version 12.00
# Visual Studio Version 16
VisualStudioVersion = 16.0.30128.74
MinimumVisualStudioVersion = 10.0.40219.1
Project("{FAE04EC0-301F-11D3-BF4B-00C04F79EFBC}") = "ReactMVC", "ReactMVC\ReactMVC.csproj", "{A0D8C415-CAF2-4726-B7D1-F21BD803E589}"
EndProject
Global
	GlobalSection(SolutionConfigurationPlatforms) = preSolution
		Debug|Any CPU = Debug|Any CPU
		Release|Any CPU = Release|Any CPU
	EndGlobalSection
	GlobalSection(ProjectConfigurationPlatforms) = postSolution
		{A0D8C415-CAF2-4726-B7D1-F21BD803E589}.Debug|Any CPU.ActiveCfg = Debug|Any CPU
		{A0D8C415-CAF2-4726-B7D1-F21BD803E589}.Debug|Any CPU.Build.0 = Debug|Any CPU
		{A0D8C415-CAF2-4726-B7D1-F21BD803E589}.Release|Any CPU.ActiveCfg = Release|Any CPU
		{A0D8C415-CAF2-4726-B7D1-F21BD803E589}.Release|Any CPU.Build.0 = Release|Any CPU
	EndGlobalSection
	GlobalSection(SolutionProperties) = preSolution
		HideSolutionNode = FALSE
	EndGlobalSection
	GlobalSection(ExtensibilityGlobals) = postSolution
		SolutionGuid = {0A655BC8-4CF4-4865-84BB-4DAA2B040B05}
	EndGlobalSection
EndGlobal
